
Microsoft Visual Studio Solution File, Format Version 12.00
# Visual Studio Version 17
VisualStudioVersion = 17.0.31912.275
MinimumVisualStudioVersion = 10.0.40219.1
Project("{9A19103F-16F7-4668-BE54-9A1E7A4F7556}") = "AverageTempsApp", "AverageTempsApp.csproj", "{798F3245-F450-4009-8D73-1F08C08B7602}"
EndProject
Project("{FAE04EC0-301F-11D3-BF4B-00C04F79EFBC}") = "AverageTempsApp.Test", "..\AverageTempsApp.Test\AverageTempsApp.Test.csproj", "{CC265CF7-F44B-4F3D-AB25-5AC4F2967D0D}"
EndProject
Global
	GlobalSection(SolutionConfigurationPlatforms) = preSolution
		Debug|Any CPU = Debug|Any CPU
		Release|Any CPU = Release|Any CPU
	EndGlobalSection
	GlobalSection(ProjectConfigurationPlatforms) = postSolution
		{798F3245-F450-4009-8D73-1F08C08B7602}.Debug|Any CPU.ActiveCfg = Debug|Any CPU
		{798F3245-F450-4009-8D73-1F08C08B7602}.Debug|Any CPU.Build.0 = Debug|Any CPU
		{798F3245-F450-4009-8D73-1F08C08B7602}.Release|Any CPU.ActiveCfg = Release|Any CPU
		{798F3245-F450-4009-8D73-1F08C08B7602}.Release|Any CPU.Build.0 = Release|Any CPU
		{CC265CF7-F44B-4F3D-AB25-5AC4F2967D0D}.Debug|Any CPU.ActiveCfg = Debug|Any CPU
		{CC265CF7-F44B-4F3D-AB25-5AC4F2967D0D}.Debug|Any CPU.Build.0 = Debug|Any CPU
		{CC265CF7-F44B-4F3D-AB25-5AC4F2967D0D}.Release|Any CPU.ActiveCfg = Release|Any CPU
		{CC265CF7-F44B-4F3D-AB25-5AC4F2967D0D}.Release|Any CPU.Build.0 = Release|Any CPU
	EndGlobalSection
	GlobalSection(SolutionProperties) = preSolution
		HideSolutionNode = FALSE
	EndGlobalSection
	GlobalSection(ExtensibilityGlobals) = postSolution
		SolutionGuid = {305B451B-27CE-4941-B6A8-6D06E2B57F71}
	EndGlobalSection
EndGlobal
