
Microsoft Visual Studio Solution File, Format Version 12.00
# Visual Studio Version 17
VisualStudioVersion = 17.0.31912.275
MinimumVisualStudioVersion = 10.0.40219.1
Project("{9A19103F-16F7-4668-BE54-9A1E7A4F7556}") = "DataCreator", "DataCreator\DataCreator.csproj", "{784FADB4-2378-4654-8A30-5D1A0E789312}"
EndProject
Project("{9A19103F-16F7-4668-BE54-9A1E7A4F7556}") = "AverageTempsApp.Test", "AverageTempsApp.Test\AverageTempsApp.Test.csproj", "{E32BEC95-1ADF-4ED7-A7D4-FB0E0AC1999D}"
EndProject
Project("{9A19103F-16F7-4668-BE54-9A1E7A4F7556}") = "AverageTempsApp", "AverageTempsApp\AverageTempsApp.csproj", "{C1731D4B-2D5F-44C2-B455-5DE6A14BDA83}"
EndProject
Global
	GlobalSection(SolutionConfigurationPlatforms) = preSolution
		Debug|Any CPU = Debug|Any CPU
		Release|Any CPU = Release|Any CPU
	EndGlobalSection
	GlobalSection(ProjectConfigurationPlatforms) = postSolution
		{784FADB4-2378-4654-8A30-5D1A0E789312}.Debug|Any CPU.ActiveCfg = Debug|Any CPU
		{784FADB4-2378-4654-8A30-5D1A0E789312}.Debug|Any CPU.Build.0 = Debug|Any CPU
		{784FADB4-2378-4654-8A30-5D1A0E789312}.Release|Any CPU.ActiveCfg = Release|Any CPU
		{784FADB4-2378-4654-8A30-5D1A0E789312}.Release|Any CPU.Build.0 = Release|Any CPU
		{E32BEC95-1ADF-4ED7-A7D4-FB0E0AC1999D}.Debug|Any CPU.ActiveCfg = Debug|Any CPU
		{E32BEC95-1ADF-4ED7-A7D4-FB0E0AC1999D}.Debug|Any CPU.Build.0 = Debug|Any CPU
		{E32BEC95-1ADF-4ED7-A7D4-FB0E0AC1999D}.Release|Any CPU.ActiveCfg = Release|Any CPU
		{E32BEC95-1ADF-4ED7-A7D4-FB0E0AC1999D}.Release|Any CPU.Build.0 = Release|Any CPU
		{C1731D4B-2D5F-44C2-B455-5DE6A14BDA83}.Debug|Any CPU.ActiveCfg = Debug|Any CPU
		{C1731D4B-2D5F-44C2-B455-5DE6A14BDA83}.Debug|Any CPU.Build.0 = Debug|Any CPU
		{C1731D4B-2D5F-44C2-B455-5DE6A14BDA83}.Release|Any CPU.ActiveCfg = Release|Any CPU
		{C1731D4B-2D5F-44C2-B455-5DE6A14BDA83}.Release|Any CPU.Build.0 = Release|Any CPU
	EndGlobalSection
	GlobalSection(SolutionProperties) = preSolution
		HideSolutionNode = FALSE
	EndGlobalSection
	GlobalSection(ExtensibilityGlobals) = postSolution
		SolutionGuid = {E694B350-E6B9-4A60-B91F-159C99373DA6}
	EndGlobalSection
EndGlobal
